
Microsoft Visual Studio Solution File, Format Version 12.00
# Visual Studio Version 16
VisualStudioVersion = 16.0.29806.167
MinimumVisualStudioVersion = 10.0.40219.1
Project("{8BC9CEB8-8B4A-11D0-8D11-00A0C91BC942}") = "DinamicStructLab", "DinamicStructLab.vcxproj", "{44CAEBF6-B9B1-423E-BA9F-E816D3CD3CED}"
EndProject
Global
	GlobalSection(SolutionConfigurationPlatforms) = preSolution
		Debug|x64 = Debug|x64
		Debug|x86 = Debug|x86
		Release|x64 = Release|x64
		Release|x86 = Release|x86
	EndGlobalSection
	GlobalSection(ProjectConfigurationPlatforms) = postSolution
		{44CAEBF6-B9B1-423E-BA9F-E816D3CD3CED}.Debug|x64.ActiveCfg = Debug|x64
		{44CAEBF6-B9B1-423E-BA9F-E816D3CD3CED}.Debug|x64.Build.0 = Debug|x64
		{44CAEBF6-B9B1-423E-BA9F-E816D3CD3CED}.Debug|x86.ActiveCfg = Debug|Win32
		{44CAEBF6-B9B1-423E-BA9F-E816D3CD3CED}.Debug|x86.Build.0 = Debug|Win32
		{44CAEBF6-B9B1-423E-BA9F-E816D3CD3CED}.Release|x64.ActiveCfg = Release|x64
		{44CAEBF6-B9B1-423E-BA9F-E816D3CD3CED}.Release|x64.Build.0 = Release|x64
		{44CAEBF6-B9B1-423E-BA9F-E816D3CD3CED}.Release|x86.ActiveCfg = Release|Win32
		{44CAEBF6-B9B1-423E-BA9F-E816D3CD3CED}.Release|x86.Build.0 = Release|Win32
	EndGlobalSection
	GlobalSection(SolutionProperties) = preSolution
		HideSolutionNode = FALSE
	EndGlobalSection
	GlobalSection(ExtensibilityGlobals) = postSolution
		SolutionGuid = {1CFC803B-45F3-4C0C-987E-DC2A8762AA9B}
	EndGlobalSection
EndGlobal
